
Microsoft Visual Studio Solution File, Format Version 12.00
# Visual Studio 15
VisualStudioVersion = 15.0.28307.645
MinimumVisualStudioVersion = 10.0.40219.1
Project("{FAE04EC0-301F-11D3-BF4B-00C04F79EFBC}") = "GraphQLClient.Tests", "GraphQLClient.Tests\GraphQLClient.Tests.csproj", "{6AE26713-7BBB-4A5F-B7E0-AADA99B74505}"
EndProject
Project("{FAE04EC0-301F-11D3-BF4B-00C04F79EFBC}") = "GraphQLClientLibrary", "GraphQLClientLibrary\GraphQLClientLibrary.csproj", "{DBF2CA04-AEC1-421A-A1C1-315F5A3CADBC}"
EndProject
Global
	GlobalSection(SolutionConfigurationPlatforms) = preSolution
		Debug|Any CPU = Debug|Any CPU
		Release|Any CPU = Release|Any CPU
	EndGlobalSection
	GlobalSection(ProjectConfigurationPlatforms) = postSolution
		{6AE26713-7BBB-4A5F-B7E0-AADA99B74505}.Debug|Any CPU.ActiveCfg = Debug|Any CPU
		{6AE26713-7BBB-4A5F-B7E0-AADA99B74505}.Debug|Any CPU.Build.0 = Debug|Any CPU
		{6AE26713-7BBB-4A5F-B7E0-AADA99B74505}.Release|Any CPU.ActiveCfg = Release|Any CPU
		{6AE26713-7BBB-4A5F-B7E0-AADA99B74505}.Release|Any CPU.Build.0 = Release|Any CPU
		{DBF2CA04-AEC1-421A-A1C1-315F5A3CADBC}.Debug|Any CPU.ActiveCfg = Debug|Any CPU
		{DBF2CA04-AEC1-421A-A1C1-315F5A3CADBC}.Debug|Any CPU.Build.0 = Debug|Any CPU
		{DBF2CA04-AEC1-421A-A1C1-315F5A3CADBC}.Release|Any CPU.ActiveCfg = Release|Any CPU
		{DBF2CA04-AEC1-421A-A1C1-315F5A3CADBC}.Release|Any CPU.Build.0 = Release|Any CPU
	EndGlobalSection
	GlobalSection(SolutionProperties) = preSolution
		HideSolutionNode = FALSE
	EndGlobalSection
	GlobalSection(ExtensibilityGlobals) = postSolution
		SolutionGuid = {5BD94684-8E8F-4EF6-BA5B-C37EE526B307}
	EndGlobalSection
EndGlobal
